// !$*UTF8*$!
{
	archiveVersion = 1;
	classes = {
	};
	objectVersion = 46;
	objects = {

/* Begin PBXBuildFile section */
		B19AC8AC16F38FD00077B5BA /* UIKit.framework in Frameworks */ = {isa = PBXBuildFile; fileRef = B19AC8AB16F38FD00077B5BA /* UIKit.framework */; };
		B19AC8AE16F38FD00077B5BA /* Foundation.framework in Frameworks */ = {isa = PBXBuildFile; fileRef = B19AC8AD16F38FD00077B5BA /* Foundation.framework */; };
		B19AC8B016F38FD00077B5BA /* CoreGraphics.framework in Frameworks */ = {isa = PBXBuildFile; fileRef = B19AC8AF16F38FD00077B5BA /* CoreGraphics.framework */; };
		B19AC8B616F38FD00077B5BA /* InfoPlist.strings in Resources */ = {isa = PBXBuildFile; fileRef = B19AC8B416F38FD00077B5BA /* InfoPlist.strings */; };
		B19AC8B816F38FD00077B5BA /* main.m in Sources */ = {isa = PBXBuildFile; fileRef = B19AC8B716F38FD00077B5BA /* main.m */; };
		B19AC8BC16F38FD00077B5BA /* CHAppDelegate.m in Sources */ = {isa = PBXBuildFile; fileRef = B19AC8BB16F38FD00077B5BA /* CHAppDelegate.m */; };
		B19AC8BE16F38FD00077B5BA /* Default.png in Resources */ = {isa = PBXBuildFile; fileRef = B19AC8BD16F38FD00077B5BA /* Default.png */; };
		B19AC8C016F38FD00077B5BA /* Default@2x.png in Resources */ = {isa = PBXBuildFile; fileRef = B19AC8BF16F38FD00077B5BA /* Default@2x.png */; };
		B19AC8C216F38FD00077B5BA /* Default-568h@2x.png in Resources */ = {isa = PBXBuildFile; fileRef = B19AC8C116F38FD00077B5BA /* Default-568h@2x.png */; };
		B19AC8C516F38FD00077B5BA /* MainStoryboard.storyboard in Resources */ = {isa = PBXBuildFile; fileRef = B19AC8C316F38FD00077B5BA /* MainStoryboard.storyboard */; };
		B19AC8C816F38FD00077B5BA /* CHViewController.m in Sources */ = {isa = PBXBuildFile; fileRef = B19AC8C716F38FD00077B5BA /* CHViewController.m */; };
		B19AC8E916F390320077B5BA /* CHTextField.m in Sources */ = {isa = PBXBuildFile; fileRef = B19AC8E816F390320077B5BA /* CHTextField.m */; };
		B1A6CE5816F48FB800931FD0 /* QuartzCore.framework in Frameworks */ = {isa = PBXBuildFile; fileRef = B1A6CE5716F48FB800931FD0 /* QuartzCore.framework */; };
/* End PBXBuildFile section */

/* Begin PBXFileReference section */
		B19AC8A816F38FD00077B5BA /* ChromaHash.app */ = {isa = PBXFileReference; explicitFileType = wrapper.application; includeInIndex = 0; path = ChromaHash.app; sourceTree = BUILT_PRODUCTS_DIR; };
		B19AC8AB16F38FD00077B5BA /* UIKit.framework */ = {isa = PBXFileReference; lastKnownFileType = wrapper.framework; name = UIKit.framework; path = System/Library/Frameworks/UIKit.framework; sourceTree = SDKROOT; };
		B19AC8AD16F38FD00077B5BA /* Foundation.framework */ = {isa = PBXFileReference; lastKnownFileType = wrapper.framework; name = Foundation.framework; path = System/Library/Frameworks/Foundation.framework; sourceTree = SDKROOT; };
		B19AC8AF16F38FD00077B5BA /* CoreGraphics.framework */ = {isa = PBXFileReference; lastKnownFileType = wrapper.framework; name = CoreGraphics.framework; path = System/Library/Frameworks/CoreGraphics.framework; sourceTree = SDKROOT; };
		B19AC8B316F38FD00077B5BA /* ChromaHash-Info.plist */ = {isa = PBXFileReference; lastKnownFileType = text.plist.xml; path = "ChromaHash-Info.plist"; sourceTree = "<group>"; };
		B19AC8B516F38FD00077B5BA /* en */ = {isa = PBXFileReference; lastKnownFileType = text.plist.strings; name = en; path = en.lproj/InfoPlist.strings; sourceTree = "<group>"; };
		B19AC8B716F38FD00077B5BA /* main.m */ = {isa = PBXFileReference; lastKnownFileType = sourcecode.c.objc; path = main.m; sourceTree = "<group>"; };
		B19AC8B916F38FD00077B5BA /* ChromaHash-Prefix.pch */ = {isa = PBXFileReference; lastKnownFileType = sourcecode.c.h; path = "ChromaHash-Prefix.pch"; sourceTree = "<group>"; };
		B19AC8BA16F38FD00077B5BA /* CHAppDelegate.h */ = {isa = PBXFileReference; lastKnownFileType = sourcecode.c.h; path = CHAppDelegate.h; sourceTree = "<group>"; };
		B19AC8BB16F38FD00077B5BA /* CHAppDelegate.m */ = {isa = PBXFileReference; lastKnownFileType = sourcecode.c.objc; path = CHAppDelegate.m; sourceTree = "<group>"; };
		B19AC8BD16F38FD00077B5BA /* Default.png */ = {isa = PBXFileReference; lastKnownFileType = image.png; path = Default.png; sourceTree = "<group>"; };
		B19AC8BF16F38FD00077B5BA /* Default@2x.png */ = {isa = PBXFileReference; lastKnownFileType = image.png; path = "Default@2x.png"; sourceTree = "<group>"; };
		B19AC8C116F38FD00077B5BA /* Default-568h@2x.png */ = {isa = PBXFileReference; lastKnownFileType = image.png; path = "Default-568h@2x.png"; sourceTree = "<group>"; };
		B19AC8C416F38FD00077B5BA /* en */ = {isa = PBXFileReference; lastKnownFileType = file.storyboard; name = en; path = en.lproj/MainStoryboard.storyboard; sourceTree = "<group>"; };
		B19AC8C616F38FD00077B5BA /* CHViewController.h */ = {isa = PBXFileReference; lastKnownFileType = sourcecode.c.h; path = CHViewController.h; sourceTree = "<group>"; };
		B19AC8C716F38FD00077B5BA /* CHViewController.m */ = {isa = PBXFileReference; lastKnownFileType = sourcecode.c.objc; path = CHViewController.m; sourceTree = "<group>"; };
		B19AC8CF16F38FD00077B5BA /* SenTestingKit.framework */ = {isa = PBXFileReference; lastKnownFileType = wrapper.framework; name = SenTestingKit.framework; path = Library/Frameworks/SenTestingKit.framework; sourceTree = DEVELOPER_DIR; };
		B19AC8E716F390310077B5BA /* CHTextField.h */ = {isa = PBXFileReference; fileEncoding = 4; lastKnownFileType = sourcecode.c.h; path = CHTextField.h; sourceTree = "<group>"; };
		B19AC8E816F390320077B5BA /* CHTextField.m */ = {isa = PBXFileReference; fileEncoding = 4; lastKnownFileType = sourcecode.c.objc; path = CHTextField.m; sourceTree = "<group>"; };
		B1A6CE5716F48FB800931FD0 /* QuartzCore.framework */ = {isa = PBXFileReference; lastKnownFileType = wrapper.framework; name = QuartzCore.framework; path = System/Library/Frameworks/QuartzCore.framework; sourceTree = SDKROOT; };
/* End PBXFileReference section */

/* Begin PBXFrameworksBuildPhase section */
		B19AC8A516F38FD00077B5BA /* Frameworks */ = {
			isa = PBXFrameworksBuildPhase;
			buildActionMask = 2147483647;
			files = (
				B1A6CE5816F48FB800931FD0 /* QuartzCore.framework in Frameworks */,
				B19AC8AC16F38FD00077B5BA /* UIKit.framework in Frameworks */,
				B19AC8AE16F38FD00077B5BA /* Foundation.framework in Frameworks */,
				B19AC8B016F38FD00077B5BA /* CoreGraphics.framework in Frameworks */,
			);
			runOnlyForDeploymentPostprocessing = 0;
		};
/* End PBXFrameworksBuildPhase section */

/* Begin PBXGroup section */
		B19AC89F16F38FD00077B5BA = {
			isa = PBXGroup;
			children = (
				B1A6CE5716F48FB800931FD0 /* QuartzCore.framework */,
				B19AC8B116F38FD00077B5BA /* ChromaHash */,
				B19AC8AA16F38FD00077B5BA /* Frameworks */,
				B19AC8A916F38FD00077B5BA /* Products */,
			);
			sourceTree = "<group>";
		};
		B19AC8A916F38FD00077B5BA /* Products */ = {
			isa = PBXGroup;
			children = (
				B19AC8A816F38FD00077B5BA /* ChromaHash.app */,
			);
			name = Products;
			sourceTree = "<group>";
		};
		B19AC8AA16F38FD00077B5BA /* Frameworks */ = {
			isa = PBXGroup;
			children = (
				B19AC8AB16F38FD00077B5BA /* UIKit.framework */,
				B19AC8AD16F38FD00077B5BA /* Foundation.framework */,
				B19AC8AF16F38FD00077B5BA /* CoreGraphics.framework */,
				B19AC8CF16F38FD00077B5BA /* SenTestingKit.framework */,
			);
			name = Frameworks;
			sourceTree = "<group>";
		};
		B19AC8B116F38FD00077B5BA /* ChromaHash */ = {
			isa = PBXGroup;
			children = (
				B19AC8E616F390200077B5BA /* CHTextField */,
				B19AC8BA16F38FD00077B5BA /* CHAppDelegate.h */,
				B19AC8BB16F38FD00077B5BA /* CHAppDelegate.m */,
				B19AC8C316F38FD00077B5BA /* MainStoryboard.storyboard */,
				B19AC8C616F38FD00077B5BA /* CHViewController.h */,
				B19AC8C716F38FD00077B5BA /* CHViewController.m */,
				B19AC8B216F38FD00077B5BA /* Supporting Files */,
			);
			path = ChromaHash;
			sourceTree = "<group>";
		};
		B19AC8B216F38FD00077B5BA /* Supporting Files */ = {
			isa = PBXGroup;
			children = (
				B19AC8B316F38FD00077B5BA /* ChromaHash-Info.plist */,
				B19AC8B416F38FD00077B5BA /* InfoPlist.strings */,
				B19AC8B716F38FD00077B5BA /* main.m */,
				B19AC8B916F38FD00077B5BA /* ChromaHash-Prefix.pch */,
				B19AC8BD16F38FD00077B5BA /* Default.png */,
				B19AC8BF16F38FD00077B5BA /* Default@2x.png */,
				B19AC8C116F38FD00077B5BA /* Default-568h@2x.png */,
			);
			name = "Supporting Files";
			sourceTree = "<group>";
		};
		B19AC8E616F390200077B5BA /* CHTextField */ = {
			isa = PBXGroup;
			children = (
				B19AC8E716F390310077B5BA /* CHTextField.h */,
				B19AC8E816F390320077B5BA /* CHTextField.m */,
			);
			path = CHTextField;
			sourceTree = "<group>";
		};
/* End PBXGroup section */

/* Begin PBXNativeTarget section */
		B19AC8A716F38FD00077B5BA /* ChromaHash */ = {
			isa = PBXNativeTarget;
			buildConfigurationList = B19AC8E016F38FD00077B5BA /* Build configuration list for PBXNativeTarget "ChromaHash" */;
			buildPhases = (
				B19AC8A416F38FD00077B5BA /* Sources */,
				B19AC8A516F38FD00077B5BA /* Frameworks */,
				B19AC8A616F38FD00077B5BA /* Resources */,
			);
			buildRules = (
			);
			dependencies = (
			);
			name = ChromaHash;
			productName = ChromaHash;
			productReference = B19AC8A816F38FD00077B5BA /* ChromaHash.app */;
			productType = "com.apple.product-type.application";
		};
/* End PBXNativeTarget section */

/* Begin PBXProject section */
		B19AC8A016F38FD00077B5BA /* Project object */ = {
			isa = PBXProject;
			attributes = {
				CLASSPREFIX = CH;
				LastUpgradeCheck = 0460;
				ORGANIZATIONNAME = thingsdoer;
			};
			buildConfigurationList = B19AC8A316F38FD00077B5BA /* Build configuration list for PBXProject "ChromaHash" */;
			compatibilityVersion = "Xcode 3.2";
			developmentRegion = English;
			hasScannedForEncodings = 0;
			knownRegions = (
				en,
			);
			mainGroup = B19AC89F16F38FD00077B5BA;
			productRefGroup = B19AC8A916F38FD00077B5BA /* Products */;
			projectDirPath = "";
			projectRoot = "";
			targets = (
				B19AC8A716F38FD00077B5BA /* ChromaHash */,
			);
		};
/* End PBXProject section */

/* Begin PBXResourcesBuildPhase section */
		B19AC8A616F38FD00077B5BA /* Resources */ = {
			isa = PBXResourcesBuildPhase;
			buildActionMask = 2147483647;
			files = (
				B19AC8B616F38FD00077B5BA /* InfoPlist.strings in Resources */,
				B19AC8BE16F38FD00077B5BA /* Default.png in Resources */,
				B19AC8C016F38FD00077B5BA /* Default@2x.png in Resources */,
				B19AC8C216F38FD00077B5BA /* Default-568h@2x.png in Resources */,
				B19AC8C516F38FD00077B5BA /* MainStoryboard.storyboard in Resources */,
			);
			runOnlyForDeploymentPostprocessing = 0;
		};
/* End PBXResourcesBuildPhase section */

/* Begin PBXSourcesBuildPhase section */
		B19AC8A416F38FD00077B5BA /* Sources */ = {
			isa = PBXSourcesBuildPhase;
			buildActionMask = 2147483647;
			files = (
				B19AC8B816F38FD00077B5BA /* main.m in Sources */,
				B19AC8BC16F38FD00077B5BA /* CHAppDelegate.m in Sources */,
				B19AC8C816F38FD00077B5BA /* CHViewController.m in Sources */,
				B19AC8E916F390320077B5BA /* CHTextField.m in Sources */,
			);
			runOnlyForDeploymentPostprocessing = 0;
		};
/* End PBXSourcesBuildPhase section */

/* Begin PBXVariantGroup section */
		B19AC8B416F38FD00077B5BA /* InfoPlist.strings */ = {
			isa = PBXVariantGroup;
			children = (
				B19AC8B516F38FD00077B5BA /* en */,
			);
			name = InfoPlist.strings;
			sourceTree = "<group>";
		};
		B19AC8C316F38FD00077B5BA /* MainStoryboard.storyboard */ = {
			isa = PBXVariantGroup;
			children = (
				B19AC8C416F38FD00077B5BA /* en */,
			);
			name = MainStoryboard.storyboard;
			sourceTree = "<group>";
		};
/* End PBXVariantGroup section */

/* Begin XCBuildConfiguration section */
		B19AC8DE16F38FD00077B5BA /* Debug */ = {
			isa = XCBuildConfiguration;
			buildSettings = {
				ALWAYS_SEARCH_USER_PATHS = NO;
				CLANG_CXX_LANGUAGE_STANDARD = "gnu++0x";
				CLANG_CXX_LIBRARY = "libc++";
				CLANG_ENABLE_OBJC_ARC = YES;
				CLANG_WARN_CONSTANT_CONVERSION = YES;
				CLANG_WARN_EMPTY_BODY = YES;
				CLANG_WARN_ENUM_CONVERSION = YES;
				CLANG_WARN_INT_CONVERSION = YES;
				CLANG_WARN__DUPLICATE_METHOD_MATCH = YES;
				"CODE_SIGN_IDENTITY[sdk=iphoneos*]" = "iPhone Developer";
				COPY_PHASE_STRIP = NO;
				GCC_C_LANGUAGE_STANDARD = gnu99;
				GCC_DYNAMIC_NO_PIC = NO;
				GCC_OPTIMIZATION_LEVEL = 0;
				GCC_PREPROCESSOR_DEFINITIONS = (
					"DEBUG=1",
					"$(inherited)",
				);
				GCC_SYMBOLS_PRIVATE_EXTERN = NO;
				GCC_WARN_ABOUT_RETURN_TYPE = YES;
				GCC_WARN_UNINITIALIZED_AUTOS = YES;
				GCC_WARN_UNUSED_VARIABLE = YES;
				IPHONEOS_DEPLOYMENT_TARGET = 6.1;
				ONLY_ACTIVE_ARCH = YES;
				SDKROOT = iphoneos;
			};
			name = Debug;
		};
		B19AC8DF16F38FD00077B5BA /* Release */ = {
			isa = XCBuildConfiguration;
			buildSettings = {
				ALWAYS_SEARCH_USER_PATHS = NO;
				CLANG_CXX_LANGUAGE_STANDARD = "gnu++0x";
				CLANG_CXX_LIBRARY = "libc++";
				CLANG_ENABLE_OBJC_ARC = YES;
				CLANG_WARN_CONSTANT_CONVERSION = YES;
				CLANG_WARN_EMPTY_BODY = YES;
				CLANG_WARN_ENUM_CONVERSION = YES;
				CLANG_WARN_INT_CONVERSION = YES;
				CLANG_WARN__DUPLICATE_METHOD_MATCH = YES;
				"CODE_SIGN_IDENTITY[sdk=iphoneos*]" = "iPhone Developer";
				COPY_PHASE_STRIP = YES;
				GCC_C_LANGUAGE_STANDARD = gnu99;
				GCC_WARN_ABOUT_RETURN_TYPE = YES;
				GCC_WARN_UNINITIALIZED_AUTOS = YES;
				GCC_WARN_UNUSED_VARIABLE = YES;
				IPHONEOS_DEPLOYMENT_TARGET = 6.1;
				OTHER_CFLAGS = "-DNS_BLOCK_ASSERTIONS=1";
				SDKROOT = iphoneos;
				VALIDATE_PRODUCT = YES;
			};
			name = Release;
		};
		B19AC8E116F38FD00077B5BA /* Debug */ = {
			isa = XCBuildConfiguration;
			buildSettings = {
				GCC_PRECOMPILE_PREFIX_HEADER = YES;
				GCC_PREFIX_HEADER = "ChromaHash/ChromaHash-Prefix.pch";
				INFOPLIST_FILE = "ChromaHash/ChromaHash-Info.plist";
				PRODUCT_NAME = "$(TARGET_NAME)";
				WRAPPER_EXTENSION = app;
			};
			name = Debug;
		};
		B19AC8E216F38FD00077B5BA /* Release */ = {
			isa = XCBuildConfiguration;
			buildSettings = {
				GCC_PRECOMPILE_PREFIX_HEADER = YES;
				GCC_PREFIX_HEADER = "ChromaHash/ChromaHash-Prefix.pch";
				INFOPLIST_FILE = "ChromaHash/ChromaHash-Info.plist";
				PRODUCT_NAME = "$(TARGET_NAME)";
				WRAPPER_EXTENSION = app;
			};
			name = Release;
		};
/* End XCBuildConfiguration section */

/* Begin XCConfigurationList section */
		B19AC8A316F38FD00077B5BA /* Build configuration list for PBXProject "ChromaHash" */ = {
			isa = XCConfigurationList;
			buildConfigurations = (
				B19AC8DE16F38FD00077B5BA /* Debug */,
				B19AC8DF16F38FD00077B5BA /* Release */,
			);
			defaultConfigurationIsVisible = 0;
			defaultConfigurationName = Release;
		};
		B19AC8E016F38FD00077B5BA /* Build configuration list for PBXNativeTarget "ChromaHash" */ = {
			isa = XCConfigurationList;
			buildConfigurations = (
				B19AC8E116F38FD00077B5BA /* Debug */,
				B19AC8E216F38FD00077B5BA /* Release */,
			);
			defaultConfigurationIsVisible = 0;
			defaultConfigurationName = Release;
		};
/* End XCConfigurationList section */
	};
	rootObject = B19AC8A016F38FD00077B5BA /* Project object */;
}
